// !$*UTF8*$!
{
	archiveVersion = 1;
	classes = {
	};
	objectVersion = 50;
	objects = {

/* Begin PBXBuildFile section */
		DC7E2BC725A5685200255AE9 /* AppDelegate.swift in Sources */ = {isa = PBXBuildFile; fileRef = DC7E2BC625A5685200255AE9 /* AppDelegate.swift */; };
		DC7E2BC925A5685200255AE9 /* SceneDelegate.swift in Sources */ = {isa = PBXBuildFile; fileRef = DC7E2BC825A5685200255AE9 /* SceneDelegate.swift */; };
		DC7E2BCB25A5685200255AE9 /* ViewController.swift in Sources */ = {isa = PBXBuildFile; fileRef = DC7E2BCA25A5685200255AE9 /* ViewController.swift */; };
		DC7E2BCE25A5685200255AE9 /* Main.storyboard in Resources */ = {isa = PBXBuildFile; fileRef = DC7E2BCC25A5685200255AE9 /* Main.storyboard */; };
		DC7E2BD025A5685300255AE9 /* Assets.xcassets in Resources */ = {isa = PBXBuildFile; fileRef = DC7E2BCF25A5685300255AE9 /* Assets.xcassets */; };
		DC7E2BD325A5685300255AE9 /* LaunchScreen.storyboard in Resources */ = {isa = PBXBuildFile; fileRef = DC7E2BD125A5685300255AE9 /* LaunchScreen.storyboard */; };
		DC7E2BDE25A5685300255AE9 /* PreworkTests.swift in Sources */ = {isa = PBXBuildFile; fileRef = DC7E2BDD25A5685300255AE9 /* PreworkTests.swift */; };
		DC7E2BE925A5685300255AE9 /* PreworkUITests.swift in Sources */ = {isa = PBXBuildFile; fileRef = DC7E2BE825A5685300255AE9 /* PreworkUITests.swift */; };
		DC7E2BFD25A5970A00255AE9 /* Tip calculator.storyboard in Resources */ = {isa = PBXBuildFile; fileRef = DC7E2BFC25A5970A00255AE9 /* Tip calculator.storyboard */; };
		DC7E2BFE25A5970A00255AE9 /* Tip calculator.storyboard in Resources */ = {isa = PBXBuildFile; fileRef = DC7E2BFC25A5970A00255AE9 /* Tip calculator.storyboard */; };
		DC7E2BFF25A5970A00255AE9 /* Tip calculator.storyboard in Resources */ = {isa = PBXBuildFile; fileRef = DC7E2BFC25A5970A00255AE9 /* Tip calculator.storyboard */; };
/* End PBXBuildFile section */

/* Begin PBXContainerItemProxy section */
		DC7E2BDA25A5685300255AE9 /* PBXContainerItemProxy */ = {
			isa = PBXContainerItemProxy;
			containerPortal = DC7E2BBB25A5685200255AE9 /* Project object */;
			proxyType = 1;
			remoteGlobalIDString = DC7E2BC225A5685200255AE9;
			remoteInfo = Prework;
		};
		DC7E2BE525A5685300255AE9 /* PBXContainerItemProxy */ = {
			isa = PBXContainerItemProxy;
			containerPortal = DC7E2BBB25A5685200255AE9 /* Project object */;
			proxyType = 1;
			remoteGlobalIDString = DC7E2BC225A5685200255AE9;
			remoteInfo = Prework;
		};
/* End PBXContainerItemProxy section */

/* Begin PBXFileReference section */
		DC7E2BC325A5685200255AE9 /* Prework.app */ = {isa = PBXFileReference; explicitFileType = wrapper.application; includeInIndex = 0; path = Prework.app; sourceTree = BUILT_PRODUCTS_DIR; };
		DC7E2BC625A5685200255AE9 /* AppDelegate.swift */ = {isa = PBXFileReference; lastKnownFileType = sourcecode.swift; path = AppDelegate.swift; sourceTree = "<group>"; };
		DC7E2BC825A5685200255AE9 /* SceneDelegate.swift */ = {isa = PBXFileReference; lastKnownFileType = sourcecode.swift; path = SceneDelegate.swift; sourceTree = "<group>"; };
		DC7E2BCA25A5685200255AE9 /* ViewController.swift */ = {isa = PBXFileReference; lastKnownFileType = sourcecode.swift; path = ViewController.swift; sourceTree = "<group>"; };
		DC7E2BCD25A5685200255AE9 /* Base */ = {isa = PBXFileReference; lastKnownFileType = file.storyboard; name = Base; path = Base.lproj/Main.storyboard; sourceTree = "<group>"; };
		DC7E2BCF25A5685300255AE9 /* Assets.xcassets */ = {isa = PBXFileReference; lastKnownFileType = folder.assetcatalog; path = Assets.xcassets; sourceTree = "<group>"; };
		DC7E2BD225A5685300255AE9 /* Base */ = {isa = PBXFileReference; lastKnownFileType = file.storyboard; name = Base; path = Base.lproj/LaunchScreen.storyboard; sourceTree = "<group>"; };
		DC7E2BD425A5685300255AE9 /* Info.plist */ = {isa = PBXFileReference; lastKnownFileType = text.plist.xml; path = Info.plist; sourceTree = "<group>"; };
		DC7E2BD925A5685300255AE9 /* PreworkTests.xctest */ = {isa = PBXFileReference; explicitFileType = wrapper.cfbundle; includeInIndex = 0; path = PreworkTests.xctest; sourceTree = BUILT_PRODUCTS_DIR; };
		DC7E2BDD25A5685300255AE9 /* PreworkTests.swift */ = {isa = PBXFileReference; lastKnownFileType = sourcecode.swift; path = PreworkTests.swift; sourceTree = "<group>"; };
		DC7E2BDF25A5685300255AE9 /* Info.plist */ = {isa = PBXFileReference; lastKnownFileType = text.plist.xml; path = Info.plist; sourceTree = "<group>"; };
		DC7E2BE425A5685300255AE9 /* PreworkUITests.xctest */ = {isa = PBXFileReference; explicitFileType = wrapper.cfbundle; includeInIndex = 0; path = PreworkUITests.xctest; sourceTree = BUILT_PRODUCTS_DIR; };
		DC7E2BE825A5685300255AE9 /* PreworkUITests.swift */ = {isa = PBXFileReference; lastKnownFileType = sourcecode.swift; path = PreworkUITests.swift; sourceTree = "<group>"; };
		DC7E2BEA25A5685300255AE9 /* Info.plist */ = {isa = PBXFileReference; lastKnownFileType = text.plist.xml; path = Info.plist; sourceTree = "<group>"; };
		DC7E2BFC25A5970A00255AE9 /* Tip calculator.storyboard */ = {isa = PBXFileReference; fileEncoding = 4; lastKnownFileType = file.storyboard; name = "Tip calculator.storyboard"; path = "../../20201021Nguyen/Ver 2 iOS Codepath Prework /Tip calculator.storyboard"; sourceTree = "<group>"; };
/* End PBXFileReference section */

/* Begin PBXFrameworksBuildPhase section */
		DC7E2BC025A5685200255AE9 /* Frameworks */ = {
			isa = PBXFrameworksBuildPhase;
			buildActionMask = 2147483647;
			files = (
			);
			runOnlyForDeploymentPostprocessing = 0;
		};
		DC7E2BD625A5685300255AE9 /* Frameworks */ = {
			isa = PBXFrameworksBuildPhase;
			buildActionMask = 2147483647;
			files = (
			);
			runOnlyForDeploymentPostprocessing = 0;
		};
		DC7E2BE125A5685300255AE9 /* Frameworks */ = {
			isa = PBXFrameworksBuildPhase;
			buildActionMask = 2147483647;
			files = (
			);
			runOnlyForDeploymentPostprocessing = 0;
		};
/* End PBXFrameworksBuildPhase section */

/* Begin PBXGroup section */
		DC7E2BBA25A5685200255AE9 = {
			isa = PBXGroup;
			children = (
				DC7E2BFC25A5970A00255AE9 /* Tip calculator.storyboard */,
				DC7E2BC525A5685200255AE9 /* Prework */,
				DC7E2BDC25A5685300255AE9 /* PreworkTests */,
				DC7E2BE725A5685300255AE9 /* PreworkUITests */,
				DC7E2BC425A5685200255AE9 /* Products */,
			);
			sourceTree = "<group>";
		};
		DC7E2BC425A5685200255AE9 /* Products */ = {
			isa = PBXGroup;
			children = (
				DC7E2BC325A5685200255AE9 /* Prework.app */,
				DC7E2BD925A5685300255AE9 /* PreworkTests.xctest */,
				DC7E2BE425A5685300255AE9 /* PreworkUITests.xctest */,
			);
			name = Products;
			sourceTree = "<group>";
		};
		DC7E2BC525A5685200255AE9 /* Prework */ = {
			isa = PBXGroup;
			children = (
				DC7E2BC625A5685200255AE9 /* AppDelegate.swift */,
				DC7E2BC825A5685200255AE9 /* SceneDelegate.swift */,
				DC7E2BCA25A5685200255AE9 /* ViewController.swift */,
				DC7E2BCC25A5685200255AE9 /* Main.storyboard */,
				DC7E2BCF25A5685300255AE9 /* Assets.xcassets */,
				DC7E2BD125A5685300255AE9 /* LaunchScreen.storyboard */,
				DC7E2BD425A5685300255AE9 /* Info.plist */,
			);
			path = Prework;
			sourceTree = "<group>";
		};
		DC7E2BDC25A5685300255AE9 /* PreworkTests */ = {
			isa = PBXGroup;
			children = (
				DC7E2BDD25A5685300255AE9 /* PreworkTests.swift */,
				DC7E2BDF25A5685300255AE9 /* Info.plist */,
			);
			path = PreworkTests;
			sourceTree = "<group>";
		};
		DC7E2BE725A5685300255AE9 /* PreworkUITests */ = {
			isa = PBXGroup;
			children = (
				DC7E2BE825A5685300255AE9 /* PreworkUITests.swift */,
				DC7E2BEA25A5685300255AE9 /* Info.plist */,
			);
			path = PreworkUITests;
			sourceTree = "<group>";
		};
/* End PBXGroup section */

/* Begin PBXNativeTarget section */
		DC7E2BC225A5685200255AE9 /* Prework */ = {
			isa = PBXNativeTarget;
			buildConfigurationList = DC7E2BED25A5685300255AE9 /* Build configuration list for PBXNativeTarget "Prework" */;
			buildPhases = (
				DC7E2BBF25A5685200255AE9 /* Sources */,
				DC7E2BC025A5685200255AE9 /* Frameworks */,
				DC7E2BC125A5685200255AE9 /* Resources */,
			);
			buildRules = (
			);
			dependencies = (
			);
			name = Prework;
			productName = Prework;
			productReference = DC7E2BC325A5685200255AE9 /* Prework.app */;
			productType = "com.apple.product-type.application";
		};
		DC7E2BD825A5685300255AE9 /* PreworkTests */ = {
			isa = PBXNativeTarget;
			buildConfigurationList = DC7E2BF025A5685300255AE9 /* Build configuration list for PBXNativeTarget "PreworkTests" */;
			buildPhases = (
				DC7E2BD525A5685300255AE9 /* Sources */,
				DC7E2BD625A5685300255AE9 /* Frameworks */,
				DC7E2BD725A5685300255AE9 /* Resources */,
			);
			buildRules = (
			);
			dependencies = (
				DC7E2BDB25A5685300255AE9 /* PBXTargetDependency */,
			);
			name = PreworkTests;
			productName = PreworkTests;
			productReference = DC7E2BD925A5685300255AE9 /* PreworkTests.xctest */;
			productType = "com.apple.product-type.bundle.unit-test";
		};
		DC7E2BE325A5685300255AE9 /* PreworkUITests */ = {
			isa = PBXNativeTarget;
			buildConfigurationList = DC7E2BF325A5685300255AE9 /* Build configuration list for PBXNativeTarget "PreworkUITests" */;
			buildPhases = (
				DC7E2BE025A5685300255AE9 /* Sources */,
				DC7E2BE125A5685300255AE9 /* Frameworks */,
				DC7E2BE225A5685300255AE9 /* Resources */,
			);
			buildRules = (
			);
			dependencies = (
				DC7E2BE625A5685300255AE9 /* PBXTargetDependency */,
			);
			name = PreworkUITests;
			productName = PreworkUITests;
			productReference = DC7E2BE425A5685300255AE9 /* PreworkUITests.xctest */;
			productType = "com.apple.product-type.bundle.ui-testing";
		};
/* End PBXNativeTarget section */

/* Begin PBXProject section */
		DC7E2BBB25A5685200255AE9 /* Project object */ = {
			isa = PBXProject;
			attributes = {
				LastSwiftUpdateCheck = 1230;
				LastUpgradeCheck = 1230;
				TargetAttributes = {
					DC7E2BC225A5685200255AE9 = {
						CreatedOnToolsVersion = 12.3;
					};
					DC7E2BD825A5685300255AE9 = {
						CreatedOnToolsVersion = 12.3;
						TestTargetID = DC7E2BC225A5685200255AE9;
					};
					DC7E2BE325A5685300255AE9 = {
						CreatedOnToolsVersion = 12.3;
						TestTargetID = DC7E2BC225A5685200255AE9;
					};
				};
			};
			buildConfigurationList = DC7E2BBE25A5685200255AE9 /* Build configuration list for PBXProject "Prework" */;
			compatibilityVersion = "Xcode 9.3";
			developmentRegion = en;
			hasScannedForEncodings = 0;
			knownRegions = (
				en,
				Base,
			);
			mainGroup = DC7E2BBA25A5685200255AE9;
			productRefGroup = DC7E2BC425A5685200255AE9 /* Products */;
			projectDirPath = "";
			projectRoot = "";
			targets = (
				DC7E2BC225A5685200255AE9 /* Prework */,
				DC7E2BD825A5685300255AE9 /* PreworkTests */,
				DC7E2BE325A5685300255AE9 /* PreworkUITests */,
			);
		};
/* End PBXProject section */

/* Begin PBXResourcesBuildPhase section */
		DC7E2BC125A5685200255AE9 /* Resources */ = {
			isa = PBXResourcesBuildPhase;
			buildActionMask = 2147483647;
			files = (
				DC7E2BD325A5685300255AE9 /* LaunchScreen.storyboard in Resources */,
				DC7E2BD025A5685300255AE9 /* Assets.xcassets in Resources */,
				DC7E2BCE25A5685200255AE9 /* Main.storyboard in Resources */,
				DC7E2BFD25A5970A00255AE9 /* Tip calculator.storyboard in Resources */,
			);
			runOnlyForDeploymentPostprocessing = 0;
		};
		DC7E2BD725A5685300255AE9 /* Resources */ = {
			isa = PBXResourcesBuildPhase;
			buildActionMask = 2147483647;
			files = (
				DC7E2BFE25A5970A00255AE9 /* Tip calculator.storyboard in Resources */,
			);
			runOnlyForDeploymentPostprocessing = 0;
		};
		DC7E2BE225A5685300255AE9 /* Resources */ = {
			isa = PBXResourcesBuildPhase;
			buildActionMask = 2147483647;
			files = (
				DC7E2BFF25A5970A00255AE9 /* Tip calculator.storyboard in Resources */,
			);
			runOnlyForDeploymentPostprocessing = 0;
		};
/* End PBXResourcesBuildPhase section */

/* Begin PBXSourcesBuildPhase section */
		DC7E2BBF25A5685200255AE9 /* Sources */ = {
			isa = PBXSourcesBuildPhase;
			buildActionMask = 2147483647;
			files = (
				DC7E2BCB25A5685200255AE9 /* ViewController.swift in Sources */,
				DC7E2BC725A5685200255AE9 /* AppDelegate.swift in Sources */,
				DC7E2BC925A5685200255AE9 /* SceneDelegate.swift in Sources */,
			);
			runOnlyForDeploymentPostprocessing = 0;
		};
		DC7E2BD525A5685300255AE9 /* Sources */ = {
			isa = PBXSourcesBuildPhase;
			buildActionMask = 2147483647;
			files = (
				DC7E2BDE25A5685300255AE9 /* PreworkTests.swift in Sources */,
			);
			runOnlyForDeploymentPostprocessing = 0;
		};
		DC7E2BE025A5685300255AE9 /* Sources */ = {
			isa = PBXSourcesBuildPhase;
			buildActionMask = 2147483647;
			files = (
				DC7E2BE925A5685300255AE9 /* PreworkUITests.swift in Sources */,
			);
			runOnlyForDeploymentPostprocessing = 0;
		};
/* End PBXSourcesBuildPhase section */

/* Begin PBXTargetDependency section */
		DC7E2BDB25A5685300255AE9 /* PBXTargetDependency */ = {
			isa = PBXTargetDependency;
			target = DC7E2BC225A5685200255AE9 /* Prework */;
			targetProxy = DC7E2BDA25A5685300255AE9 /* PBXContainerItemProxy */;
		};
		DC7E2BE625A5685300255AE9 /* PBXTargetDependency */ = {
			isa = PBXTargetDependency;
			target = DC7E2BC225A5685200255AE9 /* Prework */;
			targetProxy = DC7E2BE525A5685300255AE9 /* PBXContainerItemProxy */;
		};
/* End PBXTargetDependency section */

/* Begin PBXVariantGroup section */
		DC7E2BCC25A5685200255AE9 /* Main.storyboard */ = {
			isa = PBXVariantGroup;
			children = (
				DC7E2BCD25A5685200255AE9 /* Base */,
			);
			name = Main.storyboard;
			sourceTree = "<group>";
		};
		DC7E2BD125A5685300255AE9 /* LaunchScreen.storyboard */ = {
			isa = PBXVariantGroup;
			children = (
				DC7E2BD225A5685300255AE9 /* Base */,
			);
			name = LaunchScreen.storyboard;
			sourceTree = "<group>";
		};
/* End PBXVariantGroup section */

/* Begin XCBuildConfiguration section */
		DC7E2BEB25A5685300255AE9 /* Debug */ = {
			isa = XCBuildConfiguration;
			buildSettings = {
				ALWAYS_SEARCH_USER_PATHS = NO;
				CLANG_ANALYZER_NONNULL = YES;
				CLANG_ANALYZER_NUMBER_OBJECT_CONVERSION = YES_AGGRESSIVE;
				CLANG_CXX_LANGUAGE_STANDARD = "gnu++14";
				CLANG_CXX_LIBRARY = "libc++";
				CLANG_ENABLE_MODULES = YES;
				CLANG_ENABLE_OBJC_ARC = YES;
				CLANG_ENABLE_OBJC_WEAK = YES;
				CLANG_WARN_BLOCK_CAPTURE_AUTORELEASING = YES;
				CLANG_WARN_BOOL_CONVERSION = YES;
				CLANG_WARN_COMMA = YES;
				CLANG_WARN_CONSTANT_CONVERSION = YES;
				CLANG_WARN_DEPRECATED_OBJC_IMPLEMENTATIONS = YES;
				CLANG_WARN_DIRECT_OBJC_ISA_USAGE = YES_ERROR;
				CLANG_WARN_DOCUMENTATION_COMMENTS = YES;
				CLANG_WARN_EMPTY_BODY = YES;
				CLANG_WARN_ENUM_CONVERSION = YES;
				CLANG_WARN_INFINITE_RECURSION = YES;
				CLANG_WARN_INT_CONVERSION = YES;
				CLANG_WARN_NON_LITERAL_NULL_CONVERSION = YES;
				CLANG_WARN_OBJC_IMPLICIT_RETAIN_SELF = YES;
				CLANG_WARN_OBJC_LITERAL_CONVERSION = YES;
				CLANG_WARN_OBJC_ROOT_CLASS = YES_ERROR;
				CLANG_WARN_QUOTED_INCLUDE_IN_FRAMEWORK_HEADER = YES;
				CLANG_WARN_RANGE_LOOP_ANALYSIS = YES;
				CLANG_WARN_STRICT_PROTOTYPES = YES;
				CLANG_WARN_SUSPICIOUS_MOVE = YES;
				CLANG_WARN_UNGUARDED_AVAILABILITY = YES_AGGRESSIVE;
				CLANG_WARN_UNREACHABLE_CODE = YES;
				CLANG_WARN__DUPLICATE_METHOD_MATCH = YES;
				COPY_PHASE_STRIP = NO;
				DEBUG_INFORMATION_FORMAT = dwarf;
				ENABLE_STRICT_OBJC_MSGSEND = YES;
				ENABLE_TESTABILITY = YES;
				GCC_C_LANGUAGE_STANDARD = gnu11;
				GCC_DYNAMIC_NO_PIC = NO;
				GCC_NO_COMMON_BLOCKS = YES;
				GCC_OPTIMIZATION_LEVEL = 0;
				GCC_PREPROCESSOR_DEFINITIONS = (
					"DEBUG=1",
					"$(inherited)",
				);
				GCC_WARN_64_TO_32_BIT_CONVERSION = YES;
				GCC_WARN_ABOUT_RETURN_TYPE = YES_ERROR;
				GCC_WARN_UNDECLARED_SELECTOR = YES;
				GCC_WARN_UNINITIALIZED_AUTOS = YES_AGGRESSIVE;
				GCC_WARN_UNUSED_FUNCTION = YES;
				GCC_WARN_UNUSED_VARIABLE = YES;
				IPHONEOS_DEPLOYMENT_TARGET = 14.3;
				MTL_ENABLE_DEBUG_INFO = INCLUDE_SOURCE;
				MTL_FAST_MATH = YES;
				ONLY_ACTIVE_ARCH = YES;
				SDKROOT = iphoneos;
				SWIFT_ACTIVE_COMPILATION_CONDITIONS = DEBUG;
				SWIFT_OPTIMIZATION_LEVEL = "-Onone";
			};
			name = Debug;
		};
		DC7E2BEC25A5685300255AE9 /* Release */ = {
			isa = XCBuildConfiguration;
			buildSettings = {
				ALWAYS_SEARCH_USER_PATHS = NO;
				CLANG_ANALYZER_NONNULL = YES;
				CLANG_ANALYZER_NUMBER_OBJECT_CONVERSION = YES_AGGRESSIVE;
				CLANG_CXX_LANGUAGE_STANDARD = "gnu++14";
				CLANG_CXX_LIBRARY = "libc++";
				CLANG_ENABLE_MODULES = YES;
				CLANG_ENABLE_OBJC_ARC = YES;
				CLANG_ENABLE_OBJC_WEAK = YES;
				CLANG_WARN_BLOCK_CAPTURE_AUTORELEASING = YES;
				CLANG_WARN_BOOL_CONVERSION = YES;
				CLANG_WARN_COMMA = YES;
				CLANG_WARN_CONSTANT_CONVERSION = YES;
				CLANG_WARN_DEPRECATED_OBJC_IMPLEMENTATIONS = YES;
				CLANG_WARN_DIRECT_OBJC_ISA_USAGE = YES_ERROR;
				CLANG_WARN_DOCUMENTATION_COMMENTS = YES;
				CLANG_WARN_EMPTY_BODY = YES;
				CLANG_WARN_ENUM_CONVERSION = YES;
				CLANG_WARN_INFINITE_RECURSION = YES;
				CLANG_WARN_INT_CONVERSION = YES;
				CLANG_WARN_NON_LITERAL_NULL_CONVERSION = YES;
				CLANG_WARN_OBJC_IMPLICIT_RETAIN_SELF = YES;
				CLANG_WARN_OBJC_LITERAL_CONVERSION = YES;
				CLANG_WARN_OBJC_ROOT_CLASS = YES_ERROR;
				CLANG_WARN_QUOTED_INCLUDE_IN_FRAMEWORK_HEADER = YES;
				CLANG_WARN_RANGE_LOOP_ANALYSIS = YES;
				CLANG_WARN_STRICT_PROTOTYPES = YES;
				CLANG_WARN_SUSPICIOUS_MOVE = YES;
				CLANG_WARN_UNGUARDED_AVAILABILITY = YES_AGGRESSIVE;
				CLANG_WARN_UNREACHABLE_CODE = YES;
				CLANG_WARN__DUPLICATE_METHOD_MATCH = YES;
				COPY_PHASE_STRIP = NO;
				DEBUG_INFORMATION_FORMAT = "dwarf-with-dsym";
				ENABLE_NS_ASSERTIONS = NO;
				ENABLE_STRICT_OBJC_MSGSEND = YES;
				GCC_C_LANGUAGE_STANDARD = gnu11;
				GCC_NO_COMMON_BLOCKS = YES;
				GCC_WARN_64_TO_32_BIT_CONVERSION = YES;
				GCC_WARN_ABOUT_RETURN_TYPE = YES_ERROR;
				GCC_WARN_UNDECLARED_SELECTOR = YES;
				GCC_WARN_UNINITIALIZED_AUTOS = YES_AGGRESSIVE;
				GCC_WARN_UNUSED_FUNCTION = YES;
				GCC_WARN_UNUSED_VARIABLE = YES;
				IPHONEOS_DEPLOYMENT_TARGET = 14.3;
				MTL_ENABLE_DEBUG_INFO = NO;
				MTL_FAST_MATH = YES;
				SDKROOT = iphoneos;
				SWIFT_COMPILATION_MODE = wholemodule;
				SWIFT_OPTIMIZATION_LEVEL = "-O";
				VALIDATE_PRODUCT = YES;
			};
			name = Release;
		};
		DC7E2BEE25A5685300255AE9 /* Debug */ = {
			isa = XCBuildConfiguration;
			buildSettings = {
				ASSETCATALOG_COMPILER_APPICON_NAME = AppIcon;
				ASSETCATALOG_COMPILER_GLOBAL_ACCENT_COLOR_NAME = AccentColor;
				CODE_SIGN_STYLE = Automatic;
				INFOPLIST_FILE = Prework/Info.plist;
				LD_RUNPATH_SEARCH_PATHS = (
					"$(inherited)",
					"@executable_path/Frameworks",
				);
				PRODUCT_BUNDLE_IDENTIFIER = memo.com.Prework;
				PRODUCT_NAME = "$(TARGET_NAME)";
				SWIFT_VERSION = 5.0;
				TARGETED_DEVICE_FAMILY = "1,2";
			};
			name = Debug;
		};
		DC7E2BEF25A5685300255AE9 /* Release */ = {
			isa = XCBuildConfiguration;
			buildSettings = {
				ASSETCATALOG_COMPILER_APPICON_NAME = AppIcon;
				ASSETCATALOG_COMPILER_GLOBAL_ACCENT_COLOR_NAME = AccentColor;
				CODE_SIGN_STYLE = Automatic;
				INFOPLIST_FILE = Prework/Info.plist;
				LD_RUNPATH_SEARCH_PATHS = (
					"$(inherited)",
					"@executable_path/Frameworks",
				);
				PRODUCT_BUNDLE_IDENTIFIER = memo.com.Prework;
				PRODUCT_NAME = "$(TARGET_NAME)";
				SWIFT_VERSION = 5.0;
				TARGETED_DEVICE_FAMILY = "1,2";
			};
			name = Release;
		};
		DC7E2BF125A5685300255AE9 /* Debug */ = {
			isa = XCBuildConfiguration;
			buildSettings = {
				ALWAYS_EMBED_SWIFT_STANDARD_LIBRARIES = YES;
				BUNDLE_LOADER = "$(TEST_HOST)";
				CODE_SIGN_STYLE = Automatic;
				INFOPLIST_FILE = PreworkTests/Info.plist;
				IPHONEOS_DEPLOYMENT_TARGET = 14.3;
				LD_RUNPATH_SEARCH_PATHS = (
					"$(inherited)",
					"@executable_path/Frameworks",
					"@loader_path/Frameworks",
				);
				PRODUCT_BUNDLE_IDENTIFIER = memo.com.PreworkTests;
				PRODUCT_NAME = "$(TARGET_NAME)";
				SWIFT_VERSION = 5.0;
				TARGETED_DEVICE_FAMILY = "1,2";
				TEST_HOST = "$(BUILT_PRODUCTS_DIR)/Prework.app/Prework";
			};
			name = Debug;
		};
		DC7E2BF225A5685300255AE9 /* Release */ = {
			isa = XCBuildConfiguration;
			buildSettings = {
				ALWAYS_EMBED_SWIFT_STANDARD_LIBRARIES = YES;
				BUNDLE_LOADER = "$(TEST_HOST)";
				CODE_SIGN_STYLE = Automatic;
				INFOPLIST_FILE = PreworkTests/Info.plist;
				IPHONEOS_DEPLOYMENT_TARGET = 14.3;
				LD_RUNPATH_SEARCH_PATHS = (
					"$(inherited)",
					"@executable_path/Frameworks",
					"@loader_path/Frameworks",
				);
				PRODUCT_BUNDLE_IDENTIFIER = memo.com.PreworkTests;
				PRODUCT_NAME = "$(TARGET_NAME)";
				SWIFT_VERSION = 5.0;
				TARGETED_DEVICE_FAMILY = "1,2";
				TEST_HOST = "$(BUILT_PRODUCTS_DIR)/Prework.app/Prework";
			};
			name = Release;
		};
		DC7E2BF425A5685300255AE9 /* Debug */ = {
			isa = XCBuildConfiguration;
			buildSettings = {
				ALWAYS_EMBED_SWIFT_STANDARD_LIBRARIES = YES;
				CODE_SIGN_STYLE = Automatic;
				INFOPLIST_FILE = PreworkUITests/Info.plist;
				LD_RUNPATH_SEARCH_PATHS = (
					"$(inherited)",
					"@executable_path/Frameworks",
					"@loader_path/Frameworks",
				);
				PRODUCT_BUNDLE_IDENTIFIER = memo.com.PreworkUITests;
				PRODUCT_NAME = "$(TARGET_NAME)";
				SWIFT_VERSION = 5.0;
				TARGETED_DEVICE_FAMILY = "1,2";
				TEST_TARGET_NAME = Prework;
			};
			name = Debug;
		};
		DC7E2BF525A5685300255AE9 /* Release */ = {
			isa = XCBuildConfiguration;
			buildSettings = {
				ALWAYS_EMBED_SWIFT_STANDARD_LIBRARIES = YES;
				CODE_SIGN_STYLE = Automatic;
				INFOPLIST_FILE = PreworkUITests/Info.plist;
				LD_RUNPATH_SEARCH_PATHS = (
					"$(inherited)",
					"@executable_path/Frameworks",
					"@loader_path/Frameworks",
				);
				PRODUCT_BUNDLE_IDENTIFIER = memo.com.PreworkUITests;
				PRODUCT_NAME = "$(TARGET_NAME)";
				SWIFT_VERSION = 5.0;
				TARGETED_DEVICE_FAMILY = "1,2";
				TEST_TARGET_NAME = Prework;
			};
			name = Release;
		};
/* End XCBuildConfiguration section */

/* Begin XCConfigurationList section */
		DC7E2BBE25A5685200255AE9 /* Build configuration list for PBXProject "Prework" */ = {
			isa = XCConfigurationList;
			buildConfigurations = (
				DC7E2BEB25A5685300255AE9 /* Debug */,
				DC7E2BEC25A5685300255AE9 /* Release */,
			);
			defaultConfigurationIsVisible = 0;
			defaultConfigurationName = Release;
		};
		DC7E2BED25A5685300255AE9 /* Build configuration list for PBXNativeTarget "Prework" */ = {
			isa = XCConfigurationList;
			buildConfigurations = (
				DC7E2BEE25A5685300255AE9 /* Debug */,
				DC7E2BEF25A5685300255AE9 /* Release */,
			);
			defaultConfigurationIsVisible = 0;
			defaultConfigurationName = Release;
		};
		DC7E2BF025A5685300255AE9 /* Build configuration list for PBXNativeTarget "PreworkTests" */ = {
			isa = XCConfigurationList;
			buildConfigurations = (
				DC7E2BF125A5685300255AE9 /* Debug */,
				DC7E2BF225A5685300255AE9 /* Release */,
			);
			defaultConfigurationIsVisible = 0;
			defaultConfigurationName = Release;
		};
		DC7E2BF325A5685300255AE9 /* Build configuration list for PBXNativeTarget "PreworkUITests" */ = {
			isa = XCConfigurationList;
			buildConfigurations = (
				DC7E2BF425A5685300255AE9 /* Debug */,
				DC7E2BF525A5685300255AE9 /* Release */,
			);
			defaultConfigurationIsVisible = 0;
			defaultConfigurationName = Release;
		};
/* End XCConfigurationList section */
	};
	rootObject = DC7E2BBB25A5685200255AE9 /* Project object */;
}
